
Microsoft Visual Studio Solution File, Format Version 12.00
# Visual Studio Version 16
VisualStudioVersion = 16.0.31205.134
MinimumVisualStudioVersion = 10.0.40219.1
Project("{FAE04EC0-301F-11D3-BF4B-00C04F79EFBC}") = "RegistroEjemplo", "RegistroEjemplo.csproj", "{B86E9EDF-0511-4623-80E7-94DA6EECDE58}"
EndProject
Global
	GlobalSection(SolutionConfigurationPlatforms) = preSolution
		Debug|Any CPU = Debug|Any CPU
		Release|Any CPU = Release|Any CPU
	EndGlobalSection
	GlobalSection(ProjectConfigurationPlatforms) = postSolution
		{B86E9EDF-0511-4623-80E7-94DA6EECDE58}.Debug|Any CPU.ActiveCfg = Debug|Any CPU
		{B86E9EDF-0511-4623-80E7-94DA6EECDE58}.Debug|Any CPU.Build.0 = Debug|Any CPU
		{B86E9EDF-0511-4623-80E7-94DA6EECDE58}.Release|Any CPU.ActiveCfg = Release|Any CPU
		{B86E9EDF-0511-4623-80E7-94DA6EECDE58}.Release|Any CPU.Build.0 = Release|Any CPU
	EndGlobalSection
	GlobalSection(SolutionProperties) = preSolution
		HideSolutionNode = FALSE
	EndGlobalSection
	GlobalSection(ExtensibilityGlobals) = postSolution
		SolutionGuid = {586E3BD9-F47B-4C75-8CA5-5370218CAB33}
	EndGlobalSection
EndGlobal
